
Microsoft Visual Studio Solution File, Format Version 12.00
# Visual Studio 15
VisualStudioVersion = 15.0.27703.2042
MinimumVisualStudioVersion = 10.0.40219.1
Project("{FAE04EC0-301F-11D3-BF4B-00C04F79EFBC}") = "AdvancedTaxCalculator", "AdvancedTaxCalculator\AdvancedTaxCalculator.csproj", "{59A02945-7714-45B1-8B7D-D001B6B6B8E8}"
EndProject
Global
	GlobalSection(SolutionConfigurationPlatforms) = preSolution
		Debug|Any CPU = Debug|Any CPU
		Release|Any CPU = Release|Any CPU
	EndGlobalSection
	GlobalSection(ProjectConfigurationPlatforms) = postSolution
		{59A02945-7714-45B1-8B7D-D001B6B6B8E8}.Debug|Any CPU.ActiveCfg = Debug|Any CPU
		{59A02945-7714-45B1-8B7D-D001B6B6B8E8}.Debug|Any CPU.Build.0 = Debug|Any CPU
		{59A02945-7714-45B1-8B7D-D001B6B6B8E8}.Release|Any CPU.ActiveCfg = Release|Any CPU
		{59A02945-7714-45B1-8B7D-D001B6B6B8E8}.Release|Any CPU.Build.0 = Release|Any CPU
	EndGlobalSection
	GlobalSection(SolutionProperties) = preSolution
		HideSolutionNode = FALSE
	EndGlobalSection
	GlobalSection(ExtensibilityGlobals) = postSolution
		SolutionGuid = {5030BD1E-446E-418F-BC66-E92F45F4A850}
	EndGlobalSection
EndGlobal
