
Microsoft Visual Studio Solution File, Format Version 12.00
# Visual Studio 15
VisualStudioVersion = 15.0.27703.2042
MinimumVisualStudioVersion = 10.0.40219.1
Project("{FAE04EC0-301F-11D3-BF4B-00C04F79EFBC}") = "TaxesCalculator", "TaxesCalculator\TaxesCalculator.csproj", "{3E74FA3B-48BD-4E9B-8D8C-56B6DA503D98}"
EndProject
Project("{FAE04EC0-301F-11D3-BF4B-00C04F79EFBC}") = "ChangeCalculator", "ChangeCalculator\ChangeCalculator.csproj", "{0D792FC8-306C-4A0A-99C2-08C84E145F1D}"
EndProject
Global
	GlobalSection(SolutionConfigurationPlatforms) = preSolution
		Debug|Any CPU = Debug|Any CPU
		Release|Any CPU = Release|Any CPU
	EndGlobalSection
	GlobalSection(ProjectConfigurationPlatforms) = postSolution
		{3E74FA3B-48BD-4E9B-8D8C-56B6DA503D98}.Debug|Any CPU.ActiveCfg = Debug|Any CPU
		{3E74FA3B-48BD-4E9B-8D8C-56B6DA503D98}.Debug|Any CPU.Build.0 = Debug|Any CPU
		{3E74FA3B-48BD-4E9B-8D8C-56B6DA503D98}.Release|Any CPU.ActiveCfg = Release|Any CPU
		{3E74FA3B-48BD-4E9B-8D8C-56B6DA503D98}.Release|Any CPU.Build.0 = Release|Any CPU
		{0D792FC8-306C-4A0A-99C2-08C84E145F1D}.Debug|Any CPU.ActiveCfg = Debug|Any CPU
		{0D792FC8-306C-4A0A-99C2-08C84E145F1D}.Debug|Any CPU.Build.0 = Debug|Any CPU
		{0D792FC8-306C-4A0A-99C2-08C84E145F1D}.Release|Any CPU.ActiveCfg = Release|Any CPU
		{0D792FC8-306C-4A0A-99C2-08C84E145F1D}.Release|Any CPU.Build.0 = Release|Any CPU
	EndGlobalSection
	GlobalSection(SolutionProperties) = preSolution
		HideSolutionNode = FALSE
	EndGlobalSection
	GlobalSection(ExtensibilityGlobals) = postSolution
		SolutionGuid = {F3F32B4B-3EDD-4384-9E29-664CB1142390}
	EndGlobalSection
EndGlobal
